
Microsoft Visual Studio Solution File, Format Version 12.00
# Visual Studio 15
VisualStudioVersion = 15.0.26730.10
MinimumVisualStudioVersion = 10.0.40219.1
Project("{FAE04EC0-301F-11D3-BF4B-00C04F79EFBC}") = "KeyboardHook", "KeyboardHook\KeyboardHook.csproj", "{C05F2BF4-D5DA-4FC7-B001-12925909F059}"
EndProject
Global
	GlobalSection(SolutionConfigurationPlatforms) = preSolution
		Debug|Any CPU = Debug|Any CPU
		Release|Any CPU = Release|Any CPU
	EndGlobalSection
	GlobalSection(ProjectConfigurationPlatforms) = postSolution
		{C05F2BF4-D5DA-4FC7-B001-12925909F059}.Debug|Any CPU.ActiveCfg = Debug|Any CPU
		{C05F2BF4-D5DA-4FC7-B001-12925909F059}.Debug|Any CPU.Build.0 = Debug|Any CPU
		{C05F2BF4-D5DA-4FC7-B001-12925909F059}.Release|Any CPU.ActiveCfg = Release|Any CPU
		{C05F2BF4-D5DA-4FC7-B001-12925909F059}.Release|Any CPU.Build.0 = Release|Any CPU
	EndGlobalSection
	GlobalSection(SolutionProperties) = preSolution
		HideSolutionNode = FALSE
	EndGlobalSection
	GlobalSection(ExtensibilityGlobals) = postSolution
		SolutionGuid = {F8E76B2D-47B7-4860-8AEC-F744F5ABC580}
	EndGlobalSection
EndGlobal
